
Microsoft Visual Studio Solution File, Format Version 12.00
# Visual Studio Version 17
VisualStudioVersion = 17.5.33414.496
MinimumVisualStudioVersion = 10.0.40219.1
Project("{FAE04EC0-301F-11D3-BF4B-00C04F79EFBC}") = "QLSV_DataBasefirst", "QLSV_DataBasefirst\QLSV_DataBasefirst.csproj", "{7A0F782F-A05B-476A-9276-B52DCF21DB9E}"
EndProject
Global
	GlobalSection(SolutionConfigurationPlatforms) = preSolution
		Debug|Any CPU = Debug|Any CPU
		Release|Any CPU = Release|Any CPU
	EndGlobalSection
	GlobalSection(ProjectConfigurationPlatforms) = postSolution
		{7A0F782F-A05B-476A-9276-B52DCF21DB9E}.Debug|Any CPU.ActiveCfg = Debug|Any CPU
		{7A0F782F-A05B-476A-9276-B52DCF21DB9E}.Debug|Any CPU.Build.0 = Debug|Any CPU
		{7A0F782F-A05B-476A-9276-B52DCF21DB9E}.Release|Any CPU.ActiveCfg = Release|Any CPU
		{7A0F782F-A05B-476A-9276-B52DCF21DB9E}.Release|Any CPU.Build.0 = Release|Any CPU
	EndGlobalSection
	GlobalSection(SolutionProperties) = preSolution
		HideSolutionNode = FALSE
	EndGlobalSection
	GlobalSection(ExtensibilityGlobals) = postSolution
		SolutionGuid = {E8A9A7B3-E4AE-42F9-A55C-B04F6CF3837A}
	EndGlobalSection
EndGlobal
