
Microsoft Visual Studio Solution File, Format Version 12.00
# Visual Studio Version 17
VisualStudioVersion = 17.5.33414.496
MinimumVisualStudioVersion = 10.0.40219.1
Project("{FAE04EC0-301F-11D3-BF4B-00C04F79EFBC}") = "Mo_hinh_3_layer", "Mo_hinh_3_layer\Mo_hinh_3_layer.csproj", "{6034CD38-664B-4BEF-BE77-1A95DA3E260D}"
EndProject
Global
	GlobalSection(SolutionConfigurationPlatforms) = preSolution
		Debug|Any CPU = Debug|Any CPU
		Release|Any CPU = Release|Any CPU
	EndGlobalSection
	GlobalSection(ProjectConfigurationPlatforms) = postSolution
		{6034CD38-664B-4BEF-BE77-1A95DA3E260D}.Debug|Any CPU.ActiveCfg = Debug|Any CPU
		{6034CD38-664B-4BEF-BE77-1A95DA3E260D}.Debug|Any CPU.Build.0 = Debug|Any CPU
		{6034CD38-664B-4BEF-BE77-1A95DA3E260D}.Release|Any CPU.ActiveCfg = Release|Any CPU
		{6034CD38-664B-4BEF-BE77-1A95DA3E260D}.Release|Any CPU.Build.0 = Release|Any CPU
	EndGlobalSection
	GlobalSection(SolutionProperties) = preSolution
		HideSolutionNode = FALSE
	EndGlobalSection
	GlobalSection(ExtensibilityGlobals) = postSolution
		SolutionGuid = {65A07ED8-A075-47F7-93D6-C11FFE7E08F6}
	EndGlobalSection
EndGlobal
